// !$*UTF8*$!
{
	archiveVersion = 1;
	classes = {
	};
	objectVersion = 46;
	objects = {

/* Begin PBXBuildFile section */
		5E8DD88F1753945E0036AB94 /* logo-tagarela_TESTE.png in Resources */ = {isa = PBXBuildFile; fileRef = 5E8DD88E1753945E0036AB94 /* logo-tagarela_TESTE.png */; };
		5E8DD891175394870036AB94 /* logo-tagarela@2x_TESTE.png in Resources */ = {isa = PBXBuildFile; fileRef = 5E8DD890175394870036AB94 /* logo-tagarela@2x_TESTE.png */; };
		C316D595174033CB00A62F82 /* MessageUI.framework in Frameworks */ = {isa = PBXBuildFile; fileRef = C316D594174033CB00A62F82 /* MessageUI.framework */; };
		C316D59B174046E200A62F82 /* TGAlbunsListViewController.m in Sources */ = {isa = PBXBuildFile; fileRef = C316D59A174046E200A62F82 /* TGAlbunsListViewController.m */; };
		C316D5AA1740669E00A62F82 /* TGAlbumContentsViewController.m in Sources */ = {isa = PBXBuildFile; fileRef = C316D5A91740669E00A62F82 /* TGAlbumContentsViewController.m */; };
		C316D5AD174078E200A62F82 /* TGAlbumPhotoCell.m in Sources */ = {isa = PBXBuildFile; fileRef = C316D5AC174078E200A62F82 /* TGAlbumPhotoCell.m */; };
		C31AD50C1719C57A00F5652A /* TGSyncUserContentController.m in Sources */ = {isa = PBXBuildFile; fileRef = C31AD50B1719C57A00F5652A /* TGSyncUserContentController.m */; };
		C31AD5101719CC6300F5652A /* SVProgressHUD.bundle in Resources */ = {isa = PBXBuildFile; fileRef = C31AD50D1719CC6300F5652A /* SVProgressHUD.bundle */; };
		C31AD5111719CC6300F5652A /* SVProgressHUD.m in Sources */ = {isa = PBXBuildFile; fileRef = C31AD50F1719CC6300F5652A /* SVProgressHUD.m */; };
		C31AD5331719EC9600F5652A /* TGSymbolsListViewController.m in Sources */ = {isa = PBXBuildFile; fileRef = C31AD5321719EC9600F5652A /* TGSymbolsListViewController.m */; };
		C31AD5361719F12000F5652A /* TGSymbolsListCell.m in Sources */ = {isa = PBXBuildFile; fileRef = C31AD5351719F12000F5652A /* TGSymbolsListCell.m */; };
		C32612A31741A9AB00206047 /* TGAssetsManager.m in Sources */ = {isa = PBXBuildFile; fileRef = C32612A21741A9AB00206047 /* TGAssetsManager.m */; };
		C3262629171F92FD00EBB1AE /* TGSymbolPlanController.m in Sources */ = {isa = PBXBuildFile; fileRef = C3262628171F92FD00EBB1AE /* TGSymbolPlanController.m */; };
		C326262C171F98BC00EBB1AE /* TGSelectedSymbolPlan.m in Sources */ = {isa = PBXBuildFile; fileRef = C326262B171F98BC00EBB1AE /* TGSelectedSymbolPlan.m */; };
		C3290C421744380200B43E72 /* Localizable.strings in Resources */ = {isa = PBXBuildFile; fileRef = C3290C411744380200B43E72 /* Localizable.strings */; };
		C32E79C417C576C6002EC835 /* TGSelectedTutor.m in Sources */ = {isa = PBXBuildFile; fileRef = C32E79C317C576C6002EC835 /* TGSelectedTutor.m */; };
		C333DFA117139C0000AD7E1A /* UIKit.framework in Frameworks */ = {isa = PBXBuildFile; fileRef = C333DFA017139C0000AD7E1A /* UIKit.framework */; };
		C333DFA317139C0000AD7E1A /* Foundation.framework in Frameworks */ = {isa = PBXBuildFile; fileRef = C333DFA217139C0000AD7E1A /* Foundation.framework */; };
		C333DFA517139C0000AD7E1A /* CoreGraphics.framework in Frameworks */ = {isa = PBXBuildFile; fileRef = C333DFA417139C0000AD7E1A /* CoreGraphics.framework */; };
		C333DFAB17139C0000AD7E1A /* InfoPlist.strings in Resources */ = {isa = PBXBuildFile; fileRef = C333DFA917139C0000AD7E1A /* InfoPlist.strings */; };
		C333DFAD17139C0000AD7E1A /* main.m in Sources */ = {isa = PBXBuildFile; fileRef = C333DFAC17139C0000AD7E1A /* main.m */; };
		C333DFB117139C0000AD7E1A /* AppDelegate.m in Sources */ = {isa = PBXBuildFile; fileRef = C333DFB017139C0000AD7E1A /* AppDelegate.m */; };
		C333DFB317139C0000AD7E1A /* Default.png in Resources */ = {isa = PBXBuildFile; fileRef = C333DFB217139C0000AD7E1A /* Default.png */; };
		C333DFB517139C0000AD7E1A /* Default@2x.png in Resources */ = {isa = PBXBuildFile; fileRef = C333DFB417139C0000AD7E1A /* Default@2x.png */; };
		C333DFB717139C0000AD7E1A /* Default-568h@2x.png in Resources */ = {isa = PBXBuildFile; fileRef = C333DFB617139C0000AD7E1A /* Default-568h@2x.png */; };
		C333DFBA17139C0000AD7E1A /* MainStoryboard.storyboard in Resources */ = {isa = PBXBuildFile; fileRef = C333DFB817139C0000AD7E1A /* MainStoryboard.storyboard */; };
		C333DFD11713A34000AD7E1A /* patientPicked.png in Resources */ = {isa = PBXBuildFile; fileRef = C333DFCE1713A34000AD7E1A /* patientPicked.png */; };
		C333DFD21713A34000AD7E1A /* specialistPicked.png in Resources */ = {isa = PBXBuildFile; fileRef = C333DFCF1713A34000AD7E1A /* specialistPicked.png */; };
		C333DFD31713A34000AD7E1A /* tutorPicked.png in Resources */ = {isa = PBXBuildFile; fileRef = C333DFD01713A34000AD7E1A /* tutorPicked.png */; };
		C333DFD61713A50900AD7E1A /* TGInitialViewController.m in Sources */ = {isa = PBXBuildFile; fileRef = C333DFD51713A50900AD7E1A /* TGInitialViewController.m */; };
		C333DFD91713A54000AD7E1A /* TGUserPickerViewController.m in Sources */ = {isa = PBXBuildFile; fileRef = C333DFD81713A54000AD7E1A /* TGUserPickerViewController.m */; };
		C333DFDC1713ABE800AD7E1A /* TGUserCreatorViewController.m in Sources */ = {isa = PBXBuildFile; fileRef = C333DFDB1713ABE800AD7E1A /* TGUserCreatorViewController.m */; };
		C333DFDF1713B00700AD7E1A /* TGUserController.m in Sources */ = {isa = PBXBuildFile; fileRef = C333DFDE1713B00700AD7E1A /* TGUserController.m */; };
		C3401B03173DBC610061A703 /* AssetsLibrary.framework in Frameworks */ = {isa = PBXBuildFile; fileRef = C3401B02173DBC610061A703 /* AssetsLibrary.framework */; };
		C34E276317B4719B00705827 /* ObservationHistoric.m in Sources */ = {isa = PBXBuildFile; fileRef = C34E274517B4719B00705827 /* ObservationHistoric.m */; };
		C34E276417B4719B00705827 /* PatientSymbol.m in Sources */ = {isa = PBXBuildFile; fileRef = C34E274717B4719B00705827 /* PatientSymbol.m */; };
		C34E276517B4719B00705827 /* SymbolHistoric.m in Sources */ = {isa = PBXBuildFile; fileRef = C34E274917B4719B00705827 /* SymbolHistoric.m */; };
		C34E276617B4719B00705827 /* TGCurrentUserManager.m in Sources */ = {isa = PBXBuildFile; fileRef = C34E274B17B4719B00705827 /* TGCurrentUserManager.m */; };
		C34E276717B4719B00705827 /* TGPatientChooserViewController.m in Sources */ = {isa = PBXBuildFile; fileRef = C34E274D17B4719B00705827 /* TGPatientChooserViewController.m */; };
		C34E276817B4719B00705827 /* TGPatientPickerViewController.m in Sources */ = {isa = PBXBuildFile; fileRef = C34E274F17B4719B00705827 /* TGPatientPickerViewController.m */; };
		C34E276917B4719B00705827 /* TGSelectedPatient.m in Sources */ = {isa = PBXBuildFile; fileRef = C34E275117B4719B00705827 /* TGSelectedPatient.m */; };
		C34E276A17B4719B00705827 /* TGSymbolHistoricCell.m in Sources */ = {isa = PBXBuildFile; fileRef = C34E275317B4719B00705827 /* TGSymbolHistoricCell.m */; };
		C34E276B17B4719B00705827 /* TGSymbolHistoricController.m in Sources */ = {isa = PBXBuildFile; fileRef = C34E275517B4719B00705827 /* TGSymbolHistoricController.m */; };
		C34E276C17B4719B00705827 /* TGSymbolHistoricViewController.m in Sources */ = {isa = PBXBuildFile; fileRef = C34E275717B4719B00705827 /* TGSymbolHistoricViewController.m */; };
		C34E276D17B4719B00705827 /* TGSymbolVideoViewController.m in Sources */ = {isa = PBXBuildFile; fileRef = C34E275917B4719B00705827 /* TGSymbolVideoViewController.m */; };
		C34E276E17B4719B00705827 /* TGTutorPatientsController.m in Sources */ = {isa = PBXBuildFile; fileRef = C34E275B17B4719B00705827 /* TGTutorPatientsController.m */; };
		C34E276F17B4719B00705827 /* TGUserHistoricController.m in Sources */ = {isa = PBXBuildFile; fileRef = C34E275D17B4719B00705827 /* TGUserHistoricController.m */; };
		C34E277017B4719B00705827 /* TGUserHistoricViewController.m in Sources */ = {isa = PBXBuildFile; fileRef = C34E275F17B4719B00705827 /* TGUserHistoricViewController.m */; };
		C34E277117B4719B00705827 /* TutorPatients.m in Sources */ = {isa = PBXBuildFile; fileRef = C34E276117B4719B00705827 /* TutorPatients.m */; };
		C3644FF21728A27D002B5689 /* Symbol.m in Sources */ = {isa = PBXBuildFile; fileRef = C3644FF11728A27D002B5689 /* Symbol.m */; };
		C37288351720235900609240 /* TGBoardInteractorViewController.m in Sources */ = {isa = PBXBuildFile; fileRef = C37288341720235900609240 /* TGBoardInteractorViewController.m */; };
		C3A02C5E172C70A100F6944C /* CloseButton.png in Resources */ = {isa = PBXBuildFile; fileRef = C3A02C37172C70A100F6944C /* CloseButton.png */; };
		C3A02C60172C70A100F6944C /* CloseButton@2x.png in Resources */ = {isa = PBXBuildFile; fileRef = C3A02C39172C70A100F6944C /* CloseButton@2x.png */; };
		C3A02C6E172C70A100F6944C /* MGTileMenuController.m in Sources */ = {isa = PBXBuildFile; fileRef = C3A02C4B172C70A100F6944C /* MGTileMenuController.m */; };
		C3A02C6F172C70A100F6944C /* MGTileMenuView.m in Sources */ = {isa = PBXBuildFile; fileRef = C3A02C4E172C70A100F6944C /* MGTileMenuView.m */; };
		C3A02C7C172C782F00F6944C /* criarPlanoButtonImg.png in Resources */ = {isa = PBXBuildFile; fileRef = C3A02C7B172C782F00F6944C /* criarPlanoButtonImg.png */; };
		C3A02C7E172C788A00F6944C /* criarSimboloButtonImg.png in Resources */ = {isa = PBXBuildFile; fileRef = C3A02C7D172C788A00F6944C /* criarSimboloButtonImg.png */; };
		C3A02C80172C78B500F6944C /* verSimbolosButtonImg.png in Resources */ = {isa = PBXBuildFile; fileRef = C3A02C7F172C78B500F6944C /* verSimbolosButtonImg.png */; };
		C3A3695B171DFE7300A9F376 /* ipad-BG-pattern.png in Resources */ = {isa = PBXBuildFile; fileRef = C3A36959171DFE7300A9F376 /* ipad-BG-pattern.png */; };
		C3A3695C171DFE7300A9F376 /* ipad-menubar-right@2x.png in Resources */ = {isa = PBXBuildFile; fileRef = C3A3695A171DFE7300A9F376 /* ipad-menubar-right@2x.png */; };
		C3A3695E171E1EC400A9F376 /* ipad-menubar-button.png in Resources */ = {isa = PBXBuildFile; fileRef = C3A3695D171E1EC400A9F376 /* ipad-menubar-button.png */; };
		C3A36964171E2CC500A9F376 /* TGPlanController.m in Sources */ = {isa = PBXBuildFile; fileRef = C3A36963171E2CC500A9F376 /* TGPlanController.m */; };
		C3A5E86A1724817400CFA2FB /* SymbolPlan.m in Sources */ = {isa = PBXBuildFile; fileRef = C3A5E8691724817400CFA2FB /* SymbolPlan.m */; };
		C3AC41991720B70400F6C3A2 /* Reachability.m in Sources */ = {isa = PBXBuildFile; fileRef = C3AC41981720B70400F6C3A2 /* Reachability.m */; settings = {COMPILER_FLAGS = "-fno-objc-arc"; }; };
		C3AC419C1720B75100F6C3A2 /* SystemConfiguration.framework in Frameworks */ = {isa = PBXBuildFile; fileRef = C3AC419B1720B75000F6C3A2 /* SystemConfiguration.framework */; };
		C3AC419F1720BFBA00F6C3A2 /* User.m in Sources */ = {isa = PBXBuildFile; fileRef = C3AC419E1720BFBA00F6C3A2 /* User.m */; };
		C3C7E8EF171610CC004C3D44 /* NSData+Base64.m in Sources */ = {isa = PBXBuildFile; fileRef = C3C7E8EC171610CC004C3D44 /* NSData+Base64.m */; };
		C3C7E8F0171610CC004C3D44 /* NSString+Base64.m in Sources */ = {isa = PBXBuildFile; fileRef = C3C7E8EE171610CC004C3D44 /* NSString+Base64.m */; };
		C3C7E8F6171629D5004C3D44 /* TGSymbolCreatorViewController.m in Sources */ = {isa = PBXBuildFile; fileRef = C3C7E8F5171629D5004C3D44 /* TGSymbolCreatorViewController.m */; };
		C3C7E8FD17162CDD004C3D44 /* TGCategoriesListViewController.m in Sources */ = {isa = PBXBuildFile; fileRef = C3C7E8FC17162CDD004C3D44 /* TGCategoriesListViewController.m */; };
		C3C7E90317162F9E004C3D44 /* TGCategoryController.m in Sources */ = {isa = PBXBuildFile; fileRef = C3C7E90217162F9E004C3D44 /* TGCategoryController.m */; };
		C3D12ADE171FFF8400EE5EA8 /* TGInitialListViewController.m in Sources */ = {isa = PBXBuildFile; fileRef = C3D12ADD171FFF8400EE5EA8 /* TGInitialListViewController.m */; };
		C3D62B301717993F00EC22AD /* KGModal.m in Sources */ = {isa = PBXBuildFile; fileRef = C3D62B2F1717993F00EC22AD /* KGModal.m */; };
		C3D62B321717995700EC22AD /* QuartzCore.framework in Frameworks */ = {isa = PBXBuildFile; fileRef = C3D62B311717995700EC22AD /* QuartzCore.framework */; };
		C3D62B351717A65300EC22AD /* TGUserAuthenticatorViewController.m in Sources */ = {isa = PBXBuildFile; fileRef = C3D62B341717A65300EC22AD /* TGUserAuthenticatorViewController.m */; };
		C3D8F1E317295E6700351CD0 /* logo-tagarela.png in Resources */ = {isa = PBXBuildFile; fileRef = C3D8F1E217295E6700351CD0 /* logo-tagarela.png */; };
		C3D8F1E517295EA200351CD0 /* logo-tagarela@2x.png in Resources */ = {isa = PBXBuildFile; fileRef = C3D8F1E417295EA200351CD0 /* logo-tagarela@2x.png */; };
		C3D8F1EF17298B5F00351CD0 /* 1x1.png in Resources */ = {isa = PBXBuildFile; fileRef = C3D8F1E617298B5F00351CD0 /* 1x1.png */; };
		C3D8F1F017298B5F00351CD0 /* 1x2.png in Resources */ = {isa = PBXBuildFile; fileRef = C3D8F1E717298B5F00351CD0 /* 1x2.png */; };
		C3D8F1F117298B5F00351CD0 /* 1x3.png in Resources */ = {isa = PBXBuildFile; fileRef = C3D8F1E817298B5F00351CD0 /* 1x3.png */; };
		C3D8F1F217298B5F00351CD0 /* 2x1.png in Resources */ = {isa = PBXBuildFile; fileRef = C3D8F1E917298B5F00351CD0 /* 2x1.png */; };
		C3D8F1F317298B5F00351CD0 /* 2x2.png in Resources */ = {isa = PBXBuildFile; fileRef = C3D8F1EA17298B5F00351CD0 /* 2x2.png */; };
		C3D8F1F417298B5F00351CD0 /* 2x3.png in Resources */ = {isa = PBXBuildFile; fileRef = C3D8F1EB17298B5F00351CD0 /* 2x3.png */; };
		C3D8F1F517298B5F00351CD0 /* 3x1.png in Resources */ = {isa = PBXBuildFile; fileRef = C3D8F1EC17298B5F00351CD0 /* 3x1.png */; };
		C3D8F1F617298B5F00351CD0 /* 3x2.png in Resources */ = {isa = PBXBuildFile; fileRef = C3D8F1ED17298B5F00351CD0 /* 3x2.png */; };
		C3D8F1F717298B5F00351CD0 /* 3x3.png in Resources */ = {isa = PBXBuildFile; fileRef = C3D8F1EE17298B5F00351CD0 /* 3x3.png */; };
		C3D8F1FA17298D0E00351CD0 /* Plan.m in Sources */ = {isa = PBXBuildFile; fileRef = C3D8F1F917298D0E00351CD0 /* Plan.m */; };
		C3E109061714FD2100E9CB07 /* TGCoreDataModel.xcdatamodeld in Sources */ = {isa = PBXBuildFile; fileRef = C3E109041714FD2100E9CB07 /* TGCoreDataModel.xcdatamodeld */; };
		C3E109111715005A00E9CB07 /* CoreData.framework in Frameworks */ = {isa = PBXBuildFile; fileRef = C3E109101715005A00E9CB07 /* CoreData.framework */; };
		C3E109131715088C00E9CB07 /* add-imagem-gray.png in Resources */ = {isa = PBXBuildFile; fileRef = C3E109121715088C00E9CB07 /* add-imagem-gray.png */; };
		C3E10916171509F300E9CB07 /* UIImage+Resize.m in Sources */ = {isa = PBXBuildFile; fileRef = C3E10915171509F300E9CB07 /* UIImage+Resize.m */; };
		C3E1091917150A9400E9CB07 /* TGImagePickerViewController.m in Sources */ = {isa = PBXBuildFile; fileRef = C3E1091817150A9400E9CB07 /* TGImagePickerViewController.m */; };
		C3F3AE32171EFB4C00EE4581 /* Category.m in Sources */ = {isa = PBXBuildFile; fileRef = C3F3AE31171EFB4C00EE4581 /* Category.m */; };
		C3F3AE37171F010A00EE4581 /* AudioToolbox.framework in Frameworks */ = {isa = PBXBuildFile; fileRef = C3F3AE36171F010A00EE4581 /* AudioToolbox.framework */; };
		C3F3AE39171F011000EE4581 /* AVFoundation.framework in Frameworks */ = {isa = PBXBuildFile; fileRef = C3F3AE38171F011000EE4581 /* AVFoundation.framework */; };
		C3F9F25D171CB0100041CA5D /* TGPlanCreatorViewController.m in Sources */ = {isa = PBXBuildFile; fileRef = C3F9F25C171CB0100041CA5D /* TGPlanCreatorViewController.m */; };
		C3F9F268171CB7320041CA5D /* TGPlanBoardViewController.m in Sources */ = {isa = PBXBuildFile; fileRef = C3F9F267171CB7320041CA5D /* TGPlanBoardViewController.m */; };
		C3F9F270171CBCE40041CA5D /* DraggableLocation.m in Sources */ = {isa = PBXBuildFile; fileRef = C3F9F26B171CBCE40041CA5D /* DraggableLocation.m */; };
		C3F9F271171CBCE40041CA5D /* DraggableView.m in Sources */ = {isa = PBXBuildFile; fileRef = C3F9F26D171CBCE40041CA5D /* DraggableView.m */; };
		C3F9F272171CBCE40041CA5D /* NSObject+PerformBlock.m in Sources */ = {isa = PBXBuildFile; fileRef = C3F9F26F171CBCE40041CA5D /* NSObject+PerformBlock.m */; };
		C3F9F275171CE4E40041CA5D /* TGSymbolPickerViewController.m in Sources */ = {isa = PBXBuildFile; fileRef = C3F9F274171CE4E40041CA5D /* TGSymbolPickerViewController.m */; };
		C3F9F278171CF2BD0041CA5D /* TGSymbolPickerCell.m in Sources */ = {isa = PBXBuildFile; fileRef = C3F9F277171CF2BC0041CA5D /* TGSymbolPickerCell.m */; };
		C3FB31B21716538E00E5C47D /* TGSymbolController.m in Sources */ = {isa = PBXBuildFile; fileRef = C3FB31B11716538E00E5C47D /* TGSymbolController.m */; };
/* End PBXBuildFile section */

/* Begin PBXFileReference section */
		5E8DD88E1753945E0036AB94 /* logo-tagarela_TESTE.png */ = {isa = PBXFileReference; lastKnownFileType = image.png; path = "logo-tagarela_TESTE.png"; sourceTree = "<group>"; };
		5E8DD890175394870036AB94 /* logo-tagarela@2x_TESTE.png */ = {isa = PBXFileReference; lastKnownFileType = image.png; path = "logo-tagarela@2x_TESTE.png"; sourceTree = "<group>"; };
		C316D594174033CB00A62F82 /* MessageUI.framework */ = {isa = PBXFileReference; lastKnownFileType = wrapper.framework; name = MessageUI.framework; path = System/Library/Frameworks/MessageUI.framework; sourceTree = SDKROOT; };
		C316D599174046E200A62F82 /* TGAlbunsListViewController.h */ = {isa = PBXFileReference; fileEncoding = 4; lastKnownFileType = sourcecode.c.h; name = TGAlbunsListViewController.h; path = ../TGAlbunsListViewController.h; sourceTree = "<group>"; };
		C316D59A174046E200A62F82 /* TGAlbunsListViewController.m */ = {isa = PBXFileReference; fileEncoding = 4; lastKnownFileType = sourcecode.c.objc; name = TGAlbunsListViewController.m; path = ../TGAlbunsListViewController.m; sourceTree = "<group>"; };
		C316D5A81740669E00A62F82 /* TGAlbumContentsViewController.h */ = {isa = PBXFileReference; fileEncoding = 4; lastKnownFileType = sourcecode.c.h; path = TGAlbumContentsViewController.h; sourceTree = "<group>"; };
		C316D5A91740669E00A62F82 /* TGAlbumContentsViewController.m */ = {isa = PBXFileReference; fileEncoding = 4; lastKnownFileType = sourcecode.c.objc; path = TGAlbumContentsViewController.m; sourceTree = "<group>"; };
		C316D5AB174078E200A62F82 /* TGAlbumPhotoCell.h */ = {isa = PBXFileReference; fileEncoding = 4; lastKnownFileType = sourcecode.c.h; name = TGAlbumPhotoCell.h; path = ../TGAlbumPhotoCell.h; sourceTree = "<group>"; };
		C316D5AC174078E200A62F82 /* TGAlbumPhotoCell.m */ = {isa = PBXFileReference; fileEncoding = 4; lastKnownFileType = sourcecode.c.objc; name = TGAlbumPhotoCell.m; path = ../TGAlbumPhotoCell.m; sourceTree = "<group>"; };
		C31AD50A1719C57A00F5652A /* TGSyncUserContentController.h */ = {isa = PBXFileReference; fileEncoding = 4; lastKnownFileType = sourcecode.c.h; path = TGSyncUserContentController.h; sourceTree = "<group>"; };
		C31AD50B1719C57A00F5652A /* TGSyncUserContentController.m */ = {isa = PBXFileReference; fileEncoding = 4; lastKnownFileType = sourcecode.c.objc; path = TGSyncUserContentController.m; sourceTree = "<group>"; };
		C31AD50D1719CC6300F5652A /* SVProgressHUD.bundle */ = {isa = PBXFileReference; lastKnownFileType = "wrapper.plug-in"; path = SVProgressHUD.bundle; sourceTree = "<group>"; };
		C31AD50E1719CC6300F5652A /* SVProgressHUD.h */ = {isa = PBXFileReference; fileEncoding = 4; lastKnownFileType = sourcecode.c.h; path = SVProgressHUD.h; sourceTree = "<group>"; };
		C31AD50F1719CC6300F5652A /* SVProgressHUD.m */ = {isa = PBXFileReference; fileEncoding = 4; lastKnownFileType = sourcecode.c.objc; path = SVProgressHUD.m; sourceTree = "<group>"; };
		C31AD5311719EC9500F5652A /* TGSymbolsListViewController.h */ = {isa = PBXFileReference; fileEncoding = 4; lastKnownFileType = sourcecode.c.h; path = TGSymbolsListViewController.h; sourceTree = "<group>"; };
		C31AD5321719EC9600F5652A /* TGSymbolsListViewController.m */ = {isa = PBXFileReference; fileEncoding = 4; lastKnownFileType = sourcecode.c.objc; path = TGSymbolsListViewController.m; sourceTree = "<group>"; };
		C31AD5341719F12000F5652A /* TGSymbolsListCell.h */ = {isa = PBXFileReference; fileEncoding = 4; lastKnownFileType = sourcecode.c.h; path = TGSymbolsListCell.h; sourceTree = "<group>"; };
		C31AD5351719F12000F5652A /* TGSymbolsListCell.m */ = {isa = PBXFileReference; fileEncoding = 4; lastKnownFileType = sourcecode.c.objc; path = TGSymbolsListCell.m; sourceTree = "<group>"; };
		C32612A11741A9AB00206047 /* TGAssetsManager.h */ = {isa = PBXFileReference; fileEncoding = 4; lastKnownFileType = sourcecode.c.h; path = TGAssetsManager.h; sourceTree = "<group>"; };
		C32612A21741A9AB00206047 /* TGAssetsManager.m */ = {isa = PBXFileReference; fileEncoding = 4; lastKnownFileType = sourcecode.c.objc; path = TGAssetsManager.m; sourceTree = "<group>"; };
		C3262627171F92FC00EBB1AE /* TGSymbolPlanController.h */ = {isa = PBXFileReference; fileEncoding = 4; lastKnownFileType = sourcecode.c.h; path = TGSymbolPlanController.h; sourceTree = "<group>"; };
		C3262628171F92FD00EBB1AE /* TGSymbolPlanController.m */ = {isa = PBXFileReference; fileEncoding = 4; lastKnownFileType = sourcecode.c.objc; path = TGSymbolPlanController.m; sourceTree = "<group>"; };
		C326262A171F98BC00EBB1AE /* TGSelectedSymbolPlan.h */ = {isa = PBXFileReference; fileEncoding = 4; lastKnownFileType = sourcecode.c.h; path = TGSelectedSymbolPlan.h; sourceTree = "<group>"; };
		C326262B171F98BC00EBB1AE /* TGSelectedSymbolPlan.m */ = {isa = PBXFileReference; fileEncoding = 4; lastKnownFileType = sourcecode.c.objc; path = TGSelectedSymbolPlan.m; sourceTree = "<group>"; };
		C3290C411744380200B43E72 /* Localizable.strings */ = {isa = PBXFileReference; fileEncoding = 4; lastKnownFileType = text.plist.strings; name = Localizable.strings; path = ../Localizable.strings; sourceTree = "<group>"; };
		C32E79C217C576C6002EC835 /* TGSelectedTutor.h */ = {isa = PBXFileReference; fileEncoding = 4; lastKnownFileType = sourcecode.c.h; path = TGSelectedTutor.h; sourceTree = "<group>"; };
		C32E79C317C576C6002EC835 /* TGSelectedTutor.m */ = {isa = PBXFileReference; fileEncoding = 4; lastKnownFileType = sourcecode.c.objc; path = TGSelectedTutor.m; sourceTree = "<group>"; };
		C333DF9D17139C0000AD7E1A /* Tagarela TESTE.app */ = {isa = PBXFileReference; explicitFileType = wrapper.application; includeInIndex = 0; path = "Tagarela TESTE.app"; sourceTree = BUILT_PRODUCTS_DIR; };
		C333DFA017139C0000AD7E1A /* UIKit.framework */ = {isa = PBXFileReference; lastKnownFileType = wrapper.framework; name = UIKit.framework; path = System/Library/Frameworks/UIKit.framework; sourceTree = SDKROOT; };
		C333DFA217139C0000AD7E1A /* Foundation.framework */ = {isa = PBXFileReference; lastKnownFileType = wrapper.framework; name = Foundation.framework; path = System/Library/Frameworks/Foundation.framework; sourceTree = SDKROOT; };
		C333DFA417139C0000AD7E1A /* CoreGraphics.framework */ = {isa = PBXFileReference; lastKnownFileType = wrapper.framework; name = CoreGraphics.framework; path = System/Library/Frameworks/CoreGraphics.framework; sourceTree = SDKROOT; };
		C333DFA817139C0000AD7E1A /* Tagarela TESTE-Info.plist */ = {isa = PBXFileReference; lastKnownFileType = text.plist.xml; path = "Tagarela TESTE-Info.plist"; sourceTree = "<group>"; };
		C333DFAA17139C0000AD7E1A /* en */ = {isa = PBXFileReference; lastKnownFileType = text.plist.strings; name = en; path = en.lproj/InfoPlist.strings; sourceTree = "<group>"; };
		C333DFAC17139C0000AD7E1A /* main.m */ = {isa = PBXFileReference; lastKnownFileType = sourcecode.c.objc; path = main.m; sourceTree = "<group>"; };
		C333DFAE17139C0000AD7E1A /* Tagarela TESTE-Prefix.pch */ = {isa = PBXFileReference; lastKnownFileType = sourcecode.c.h; path = "Tagarela TESTE-Prefix.pch"; sourceTree = "<group>"; };
		C333DFAF17139C0000AD7E1A /* AppDelegate.h */ = {isa = PBXFileReference; lastKnownFileType = sourcecode.c.h; path = AppDelegate.h; sourceTree = "<group>"; };
		C333DFB017139C0000AD7E1A /* AppDelegate.m */ = {isa = PBXFileReference; lastKnownFileType = sourcecode.c.objc; path = AppDelegate.m; sourceTree = "<group>"; };
		C333DFB217139C0000AD7E1A /* Default.png */ = {isa = PBXFileReference; lastKnownFileType = image.png; path = Default.png; sourceTree = "<group>"; };
		C333DFB417139C0000AD7E1A /* Default@2x.png */ = {isa = PBXFileReference; lastKnownFileType = image.png; path = "Default@2x.png"; sourceTree = "<group>"; };
		C333DFB617139C0000AD7E1A /* Default-568h@2x.png */ = {isa = PBXFileReference; lastKnownFileType = image.png; path = "Default-568h@2x.png"; sourceTree = "<group>"; };
		C333DFB917139C0000AD7E1A /* en */ = {isa = PBXFileReference; lastKnownFileType = file.storyboard; name = en; path = en.lproj/MainStoryboard.storyboard; sourceTree = "<group>"; };
		C333DFCE1713A34000AD7E1A /* patientPicked.png */ = {isa = PBXFileReference; lastKnownFileType = image.png; path = patientPicked.png; sourceTree = "<group>"; };
		C333DFCF1713A34000AD7E1A /* specialistPicked.png */ = {isa = PBXFileReference; lastKnownFileType = image.png; path = specialistPicked.png; sourceTree = "<group>"; };
		C333DFD01713A34000AD7E1A /* tutorPicked.png */ = {isa = PBXFileReference; lastKnownFileType = image.png; path = tutorPicked.png; sourceTree = "<group>"; };
		C333DFD41713A50900AD7E1A /* TGInitialViewController.h */ = {isa = PBXFileReference; fileEncoding = 4; lastKnownFileType = sourcecode.c.h; path = TGInitialViewController.h; sourceTree = "<group>"; };
		C333DFD51713A50900AD7E1A /* TGInitialViewController.m */ = {isa = PBXFileReference; fileEncoding = 4; lastKnownFileType = sourcecode.c.objc; path = TGInitialViewController.m; sourceTree = "<group>"; };
		C333DFD71713A54000AD7E1A /* TGUserPickerViewController.h */ = {isa = PBXFileReference; fileEncoding = 4; lastKnownFileType = sourcecode.c.h; path = TGUserPickerViewController.h; sourceTree = "<group>"; };
		C333DFD81713A54000AD7E1A /* TGUserPickerViewController.m */ = {isa = PBXFileReference; fileEncoding = 4; lastKnownFileType = sourcecode.c.objc; path = TGUserPickerViewController.m; sourceTree = "<group>"; };
		C333DFDA1713ABE800AD7E1A /* TGUserCreatorViewController.h */ = {isa = PBXFileReference; fileEncoding = 4; lastKnownFileType = sourcecode.c.h; path = TGUserCreatorViewController.h; sourceTree = "<group>"; };
		C333DFDB1713ABE800AD7E1A /* TGUserCreatorViewController.m */ = {isa = PBXFileReference; fileEncoding = 4; lastKnownFileType = sourcecode.c.objc; path = TGUserCreatorViewController.m; sourceTree = "<group>"; };
		C333DFDD1713B00700AD7E1A /* TGUserController.h */ = {isa = PBXFileReference; fileEncoding = 4; lastKnownFileType = sourcecode.c.h; path = TGUserController.h; sourceTree = "<group>"; };
		C333DFDE1713B00700AD7E1A /* TGUserController.m */ = {isa = PBXFileReference; fileEncoding = 4; lastKnownFileType = sourcecode.c.objc; path = TGUserController.m; sourceTree = "<group>"; };
		C3401B02173DBC610061A703 /* AssetsLibrary.framework */ = {isa = PBXFileReference; lastKnownFileType = wrapper.framework; name = AssetsLibrary.framework; path = System/Library/Frameworks/AssetsLibrary.framework; sourceTree = SDKROOT; };
		C34E274417B4719B00705827 /* ObservationHistoric.h */ = {isa = PBXFileReference; fileEncoding = 4; lastKnownFileType = sourcecode.c.h; path = ObservationHistoric.h; sourceTree = "<group>"; };
		C34E274517B4719B00705827 /* ObservationHistoric.m */ = {isa = PBXFileReference; fileEncoding = 4; lastKnownFileType = sourcecode.c.objc; path = ObservationHistoric.m; sourceTree = "<group>"; };
		C34E274617B4719B00705827 /* PatientSymbol.h */ = {isa = PBXFileReference; fileEncoding = 4; lastKnownFileType = sourcecode.c.h; path = PatientSymbol.h; sourceTree = "<group>"; };
		C34E274717B4719B00705827 /* PatientSymbol.m */ = {isa = PBXFileReference; fileEncoding = 4; lastKnownFileType = sourcecode.c.objc; path = PatientSymbol.m; sourceTree = "<group>"; };
		C34E274817B4719B00705827 /* SymbolHistoric.h */ = {isa = PBXFileReference; fileEncoding = 4; lastKnownFileType = sourcecode.c.h; path = SymbolHistoric.h; sourceTree = "<group>"; };
		C34E274917B4719B00705827 /* SymbolHistoric.m */ = {isa = PBXFileReference; fileEncoding = 4; lastKnownFileType = sourcecode.c.objc; path = SymbolHistoric.m; sourceTree = "<group>"; };
		C34E274A17B4719B00705827 /* TGCurrentUserManager.h */ = {isa = PBXFileReference; fileEncoding = 4; lastKnownFileType = sourcecode.c.h; path = TGCurrentUserManager.h; sourceTree = "<group>"; };
		C34E274B17B4719B00705827 /* TGCurrentUserManager.m */ = {isa = PBXFileReference; fileEncoding = 4; lastKnownFileType = sourcecode.c.objc; path = TGCurrentUserManager.m; sourceTree = "<group>"; };
		C34E274C17B4719B00705827 /* TGPatientChooserViewController.h */ = {isa = PBXFileReference; fileEncoding = 4; lastKnownFileType = sourcecode.c.h; path = TGPatientChooserViewController.h; sourceTree = "<group>"; };
		C34E274D17B4719B00705827 /* TGPatientChooserViewController.m */ = {isa = PBXFileReference; fileEncoding = 4; lastKnownFileType = sourcecode.c.objc; path = TGPatientChooserViewController.m; sourceTree = "<group>"; };
		C34E274E17B4719B00705827 /* TGPatientPickerViewController.h */ = {isa = PBXFileReference; fileEncoding = 4; lastKnownFileType = sourcecode.c.h; path = TGPatientPickerViewController.h; sourceTree = "<group>"; };
		C34E274F17B4719B00705827 /* TGPatientPickerViewController.m */ = {isa = PBXFileReference; fileEncoding = 4; lastKnownFileType = sourcecode.c.objc; path = TGPatientPickerViewController.m; sourceTree = "<group>"; };
		C34E275017B4719B00705827 /* TGSelectedPatient.h */ = {isa = PBXFileReference; fileEncoding = 4; lastKnownFileType = sourcecode.c.h; path = TGSelectedPatient.h; sourceTree = "<group>"; };
		C34E275117B4719B00705827 /* TGSelectedPatient.m */ = {isa = PBXFileReference; fileEncoding = 4; lastKnownFileType = sourcecode.c.objc; path = TGSelectedPatient.m; sourceTree = "<group>"; };
		C34E275217B4719B00705827 /* TGSymbolHistoricCell.h */ = {isa = PBXFileReference; fileEncoding = 4; lastKnownFileType = sourcecode.c.h; path = TGSymbolHistoricCell.h; sourceTree = "<group>"; };
		C34E275317B4719B00705827 /* TGSymbolHistoricCell.m */ = {isa = PBXFileReference; fileEncoding = 4; lastKnownFileType = sourcecode.c.objc; path = TGSymbolHistoricCell.m; sourceTree = "<group>"; };
		C34E275417B4719B00705827 /* TGSymbolHistoricController.h */ = {isa = PBXFileReference; fileEncoding = 4; lastKnownFileType = sourcecode.c.h; path = TGSymbolHistoricController.h; sourceTree = "<group>"; };
		C34E275517B4719B00705827 /* TGSymbolHistoricController.m */ = {isa = PBXFileReference; fileEncoding = 4; lastKnownFileType = sourcecode.c.objc; path = TGSymbolHistoricController.m; sourceTree = "<group>"; };
		C34E275617B4719B00705827 /* TGSymbolHistoricViewController.h */ = {isa = PBXFileReference; fileEncoding = 4; lastKnownFileType = sourcecode.c.h; path = TGSymbolHistoricViewController.h; sourceTree = "<group>"; };
		C34E275717B4719B00705827 /* TGSymbolHistoricViewController.m */ = {isa = PBXFileReference; fileEncoding = 4; lastKnownFileType = sourcecode.c.objc; path = TGSymbolHistoricViewController.m; sourceTree = "<group>"; };
		C34E275817B4719B00705827 /* TGSymbolVideoViewController.h */ = {isa = PBXFileReference; fileEncoding = 4; lastKnownFileType = sourcecode.c.h; path = TGSymbolVideoViewController.h; sourceTree = "<group>"; };
		C34E275917B4719B00705827 /* TGSymbolVideoViewController.m */ = {isa = PBXFileReference; fileEncoding = 4; lastKnownFileType = sourcecode.c.objc; path = TGSymbolVideoViewController.m; sourceTree = "<group>"; };
		C34E275A17B4719B00705827 /* TGTutorPatientsController.h */ = {isa = PBXFileReference; fileEncoding = 4; lastKnownFileType = sourcecode.c.h; path = TGTutorPatientsController.h; sourceTree = "<group>"; };
		C34E275B17B4719B00705827 /* TGTutorPatientsController.m */ = {isa = PBXFileReference; fileEncoding = 4; lastKnownFileType = sourcecode.c.objc; path = TGTutorPatientsController.m; sourceTree = "<group>"; };
		C34E275C17B4719B00705827 /* TGUserHistoricController.h */ = {isa = PBXFileReference; fileEncoding = 4; lastKnownFileType = sourcecode.c.h; path = TGUserHistoricController.h; sourceTree = "<group>"; };
		C34E275D17B4719B00705827 /* TGUserHistoricController.m */ = {isa = PBXFileReference; fileEncoding = 4; lastKnownFileType = sourcecode.c.objc; path = TGUserHistoricController.m; sourceTree = "<group>"; };
		C34E275E17B4719B00705827 /* TGUserHistoricViewController.h */ = {isa = PBXFileReference; fileEncoding = 4; lastKnownFileType = sourcecode.c.h; path = TGUserHistoricViewController.h; sourceTree = "<group>"; };
		C34E275F17B4719B00705827 /* TGUserHistoricViewController.m */ = {isa = PBXFileReference; fileEncoding = 4; lastKnownFileType = sourcecode.c.objc; path = TGUserHistoricViewController.m; sourceTree = "<group>"; };
		C34E276017B4719B00705827 /* TutorPatients.h */ = {isa = PBXFileReference; fileEncoding = 4; lastKnownFileType = sourcecode.c.h; path = TutorPatients.h; sourceTree = "<group>"; };
		C34E276117B4719B00705827 /* TutorPatients.m */ = {isa = PBXFileReference; fileEncoding = 4; lastKnownFileType = sourcecode.c.objc; path = TutorPatients.m; sourceTree = "<group>"; };
		C3644FF01728A27D002B5689 /* Symbol.h */ = {isa = PBXFileReference; fileEncoding = 4; lastKnownFileType = sourcecode.c.h; path = Symbol.h; sourceTree = "<group>"; };
		C3644FF11728A27D002B5689 /* Symbol.m */ = {isa = PBXFileReference; fileEncoding = 4; lastKnownFileType = sourcecode.c.objc; path = Symbol.m; sourceTree = "<group>"; };
		C37288331720235900609240 /* TGBoardInteractorViewController.h */ = {isa = PBXFileReference; fileEncoding = 4; lastKnownFileType = sourcecode.c.h; path = TGBoardInteractorViewController.h; sourceTree = "<group>"; };
		C37288341720235900609240 /* TGBoardInteractorViewController.m */ = {isa = PBXFileReference; fileEncoding = 4; lastKnownFileType = sourcecode.c.objc; path = TGBoardInteractorViewController.m; sourceTree = "<group>"; };
		C3A02C37172C70A100F6944C /* CloseButton.png */ = {isa = PBXFileReference; lastKnownFileType = image.png; name = CloseButton.png; path = TagarelaV2/MGTileMenu/CloseButton.png; sourceTree = "<group>"; };
		C3A02C39172C70A100F6944C /* CloseButton@2x.png */ = {isa = PBXFileReference; lastKnownFileType = image.png; name = "CloseButton@2x.png"; path = "TagarelaV2/MGTileMenu/CloseButton@2x.png"; sourceTree = "<group>"; };
		C3A02C4A172C70A100F6944C /* MGTileMenuController.h */ = {isa = PBXFileReference; fileEncoding = 4; lastKnownFileType = sourcecode.c.h; path = MGTileMenuController.h; sourceTree = "<group>"; };
		C3A02C4B172C70A100F6944C /* MGTileMenuController.m */ = {isa = PBXFileReference; fileEncoding = 4; lastKnownFileType = sourcecode.c.objc; path = MGTileMenuController.m; sourceTree = "<group>"; };
		C3A02C4C172C70A100F6944C /* MGTileMenuDelegate.h */ = {isa = PBXFileReference; fileEncoding = 4; lastKnownFileType = sourcecode.c.h; path = MGTileMenuDelegate.h; sourceTree = "<group>"; };
		C3A02C4D172C70A100F6944C /* MGTileMenuView.h */ = {isa = PBXFileReference; fileEncoding = 4; lastKnownFileType = sourcecode.c.h; path = MGTileMenuView.h; sourceTree = "<group>"; };
		C3A02C4E172C70A100F6944C /* MGTileMenuView.m */ = {isa = PBXFileReference; fileEncoding = 4; lastKnownFileType = sourcecode.c.objc; path = MGTileMenuView.m; sourceTree = "<group>"; };
		C3A02C7B172C782F00F6944C /* criarPlanoButtonImg.png */ = {isa = PBXFileReference; lastKnownFileType = image.png; path = criarPlanoButtonImg.png; sourceTree = "<group>"; };
		C3A02C7D172C788A00F6944C /* criarSimboloButtonImg.png */ = {isa = PBXFileReference; lastKnownFileType = image.png; path = criarSimboloButtonImg.png; sourceTree = "<group>"; };
		C3A02C7F172C78B500F6944C /* verSimbolosButtonImg.png */ = {isa = PBXFileReference; lastKnownFileType = image.png; path = verSimbolosButtonImg.png; sourceTree = "<group>"; };
		C3A36959171DFE7300A9F376 /* ipad-BG-pattern.png */ = {isa = PBXFileReference; lastKnownFileType = image.png; path = "ipad-BG-pattern.png"; sourceTree = "<group>"; };
		C3A3695A171DFE7300A9F376 /* ipad-menubar-right@2x.png */ = {isa = PBXFileReference; lastKnownFileType = image.png; path = "ipad-menubar-right@2x.png"; sourceTree = "<group>"; };
		C3A3695D171E1EC400A9F376 /* ipad-menubar-button.png */ = {isa = PBXFileReference; lastKnownFileType = image.png; path = "ipad-menubar-button.png"; sourceTree = "<group>"; };
		C3A36962171E2CC500A9F376 /* TGPlanController.h */ = {isa = PBXFileReference; fileEncoding = 4; lastKnownFileType = sourcecode.c.h; path = TGPlanController.h; sourceTree = "<group>"; };
		C3A36963171E2CC500A9F376 /* TGPlanController.m */ = {isa = PBXFileReference; fileEncoding = 4; lastKnownFileType = sourcecode.c.objc; path = TGPlanController.m; sourceTree = "<group>"; };
		C3A5E8681724817400CFA2FB /* SymbolPlan.h */ = {isa = PBXFileReference; fileEncoding = 4; lastKnownFileType = sourcecode.c.h; path = SymbolPlan.h; sourceTree = "<group>"; };
		C3A5E8691724817400CFA2FB /* SymbolPlan.m */ = {isa = PBXFileReference; fileEncoding = 4; lastKnownFileType = sourcecode.c.objc; path = SymbolPlan.m; sourceTree = "<group>"; };
		C3AC41971720B70400F6C3A2 /* Reachability.h */ = {isa = PBXFileReference; fileEncoding = 4; lastKnownFileType = sourcecode.c.h; path = Reachability.h; sourceTree = "<group>"; };
		C3AC41981720B70400F6C3A2 /* Reachability.m */ = {isa = PBXFileReference; fileEncoding = 4; lastKnownFileType = sourcecode.c.objc; path = Reachability.m; sourceTree = "<group>"; };
		C3AC419B1720B75000F6C3A2 /* SystemConfiguration.framework */ = {isa = PBXFileReference; lastKnownFileType = wrapper.framework; name = SystemConfiguration.framework; path = System/Library/Frameworks/SystemConfiguration.framework; sourceTree = SDKROOT; };
		C3AC419D1720BFB900F6C3A2 /* User.h */ = {isa = PBXFileReference; fileEncoding = 4; lastKnownFileType = sourcecode.c.h; path = User.h; sourceTree = "<group>"; };
		C3AC419E1720BFBA00F6C3A2 /* User.m */ = {isa = PBXFileReference; fileEncoding = 4; lastKnownFileType = sourcecode.c.objc; path = User.m; sourceTree = "<group>"; };
		C3C7E8EB171610CC004C3D44 /* NSData+Base64.h */ = {isa = PBXFileReference; fileEncoding = 4; lastKnownFileType = sourcecode.c.h; path = "NSData+Base64.h"; sourceTree = "<group>"; };
		C3C7E8EC171610CC004C3D44 /* NSData+Base64.m */ = {isa = PBXFileReference; fileEncoding = 4; lastKnownFileType = sourcecode.c.objc; path = "NSData+Base64.m"; sourceTree = "<group>"; };
		C3C7E8ED171610CC004C3D44 /* NSString+Base64.h */ = {isa = PBXFileReference; fileEncoding = 4; lastKnownFileType = sourcecode.c.h; path = "NSString+Base64.h"; sourceTree = "<group>"; };
		C3C7E8EE171610CC004C3D44 /* NSString+Base64.m */ = {isa = PBXFileReference; fileEncoding = 4; lastKnownFileType = sourcecode.c.objc; path = "NSString+Base64.m"; sourceTree = "<group>"; };
		C3C7E8F4171629D5004C3D44 /* TGSymbolCreatorViewController.h */ = {isa = PBXFileReference; fileEncoding = 4; lastKnownFileType = sourcecode.c.h; path = TGSymbolCreatorViewController.h; sourceTree = "<group>"; };
		C3C7E8F5171629D5004C3D44 /* TGSymbolCreatorViewController.m */ = {isa = PBXFileReference; fileEncoding = 4; lastKnownFileType = sourcecode.c.objc; path = TGSymbolCreatorViewController.m; sourceTree = "<group>"; };
		C3C7E8FB17162CDD004C3D44 /* TGCategoriesListViewController.h */ = {isa = PBXFileReference; fileEncoding = 4; lastKnownFileType = sourcecode.c.h; path = TGCategoriesListViewController.h; sourceTree = "<group>"; };
		C3C7E8FC17162CDD004C3D44 /* TGCategoriesListViewController.m */ = {isa = PBXFileReference; fileEncoding = 4; lastKnownFileType = sourcecode.c.objc; path = TGCategoriesListViewController.m; sourceTree = "<group>"; };
		C3C7E90117162F9E004C3D44 /* TGCategoryController.h */ = {isa = PBXFileReference; fileEncoding = 4; lastKnownFileType = sourcecode.c.h; path = TGCategoryController.h; sourceTree = "<group>"; };
		C3C7E90217162F9E004C3D44 /* TGCategoryController.m */ = {isa = PBXFileReference; fileEncoding = 4; lastKnownFileType = sourcecode.c.objc; path = TGCategoryController.m; sourceTree = "<group>"; };
		C3D12ADC171FFF8400EE5EA8 /* TGInitialListViewController.h */ = {isa = PBXFileReference; fileEncoding = 4; lastKnownFileType = sourcecode.c.h; path = TGInitialListViewController.h; sourceTree = "<group>"; };
		C3D12ADD171FFF8400EE5EA8 /* TGInitialListViewController.m */ = {isa = PBXFileReference; fileEncoding = 4; lastKnownFileType = sourcecode.c.objc; path = TGInitialListViewController.m; sourceTree = "<group>"; };
		C3D62B2E1717993F00EC22AD /* KGModal.h */ = {isa = PBXFileReference; fileEncoding = 4; lastKnownFileType = sourcecode.c.h; path = KGModal.h; sourceTree = "<group>"; };
		C3D62B2F1717993F00EC22AD /* KGModal.m */ = {isa = PBXFileReference; fileEncoding = 4; lastKnownFileType = sourcecode.c.objc; path = KGModal.m; sourceTree = "<group>"; };
		C3D62B311717995700EC22AD /* QuartzCore.framework */ = {isa = PBXFileReference; lastKnownFileType = wrapper.framework; name = QuartzCore.framework; path = System/Library/Frameworks/QuartzCore.framework; sourceTree = SDKROOT; };
		C3D62B331717A65200EC22AD /* TGUserAuthenticatorViewController.h */ = {isa = PBXFileReference; fileEncoding = 4; lastKnownFileType = sourcecode.c.h; path = TGUserAuthenticatorViewController.h; sourceTree = "<group>"; };
		C3D62B341717A65300EC22AD /* TGUserAuthenticatorViewController.m */ = {isa = PBXFileReference; fileEncoding = 4; lastKnownFileType = sourcecode.c.objc; path = TGUserAuthenticatorViewController.m; sourceTree = "<group>"; };
		C3D8F1E217295E6700351CD0 /* logo-tagarela.png */ = {isa = PBXFileReference; lastKnownFileType = image.png; path = "logo-tagarela.png"; sourceTree = "<group>"; };
		C3D8F1E417295EA200351CD0 /* logo-tagarela@2x.png */ = {isa = PBXFileReference; lastKnownFileType = image.png; path = "logo-tagarela@2x.png"; sourceTree = "<group>"; };
		C3D8F1E617298B5F00351CD0 /* 1x1.png */ = {isa = PBXFileReference; lastKnownFileType = image.png; path = 1x1.png; sourceTree = "<group>"; };
		C3D8F1E717298B5F00351CD0 /* 1x2.png */ = {isa = PBXFileReference; lastKnownFileType = image.png; path = 1x2.png; sourceTree = "<group>"; };
		C3D8F1E817298B5F00351CD0 /* 1x3.png */ = {isa = PBXFileReference; lastKnownFileType = image.png; path = 1x3.png; sourceTree = "<group>"; };
		C3D8F1E917298B5F00351CD0 /* 2x1.png */ = {isa = PBXFileReference; lastKnownFileType = image.png; path = 2x1.png; sourceTree = "<group>"; };
		C3D8F1EA17298B5F00351CD0 /* 2x2.png */ = {isa = PBXFileReference; lastKnownFileType = image.png; path = 2x2.png; sourceTree = "<group>"; };
		C3D8F1EB17298B5F00351CD0 /* 2x3.png */ = {isa = PBXFileReference; lastKnownFileType = image.png; path = 2x3.png; sourceTree = "<group>"; };
		C3D8F1EC17298B5F00351CD0 /* 3x1.png */ = {isa = PBXFileReference; lastKnownFileType = image.png; path = 3x1.png; sourceTree = "<group>"; };
		C3D8F1ED17298B5F00351CD0 /* 3x2.png */ = {isa = PBXFileReference; lastKnownFileType = image.png; path = 3x2.png; sourceTree = "<group>"; };
		C3D8F1EE17298B5F00351CD0 /* 3x3.png */ = {isa = PBXFileReference; lastKnownFileType = image.png; path = 3x3.png; sourceTree = "<group>"; };
		C3D8F1F817298D0E00351CD0 /* Plan.h */ = {isa = PBXFileReference; fileEncoding = 4; lastKnownFileType = sourcecode.c.h; path = Plan.h; sourceTree = "<group>"; };
		C3D8F1F917298D0E00351CD0 /* Plan.m */ = {isa = PBXFileReference; fileEncoding = 4; lastKnownFileType = sourcecode.c.objc; path = Plan.m; sourceTree = "<group>"; };
		C3E109051714FD2100E9CB07 /* TGCoreDataModel.xcdatamodel */ = {isa = PBXFileReference; lastKnownFileType = wrapper.xcdatamodel; path = TGCoreDataModel.xcdatamodel; sourceTree = "<group>"; };
		C3E109101715005A00E9CB07 /* CoreData.framework */ = {isa = PBXFileReference; lastKnownFileType = wrapper.framework; name = CoreData.framework; path = System/Library/Frameworks/CoreData.framework; sourceTree = SDKROOT; };
		C3E109121715088C00E9CB07 /* add-imagem-gray.png */ = {isa = PBXFileReference; lastKnownFileType = image.png; path = "add-imagem-gray.png"; sourceTree = "<group>"; };
		C3E10914171509F300E9CB07 /* UIImage+Resize.h */ = {isa = PBXFileReference; fileEncoding = 4; lastKnownFileType = sourcecode.c.h; path = "UIImage+Resize.h"; sourceTree = "<group>"; };
		C3E10915171509F300E9CB07 /* UIImage+Resize.m */ = {isa = PBXFileReference; fileEncoding = 4; lastKnownFileType = sourcecode.c.objc; path = "UIImage+Resize.m"; sourceTree = "<group>"; };
		C3E1091717150A9400E9CB07 /* TGImagePickerViewController.h */ = {isa = PBXFileReference; fileEncoding = 4; lastKnownFileType = sourcecode.c.h; path = TGImagePickerViewController.h; sourceTree = "<group>"; };
		C3E1091817150A9400E9CB07 /* TGImagePickerViewController.m */ = {isa = PBXFileReference; fileEncoding = 4; lastKnownFileType = sourcecode.c.objc; path = TGImagePickerViewController.m; sourceTree = "<group>"; };
		C3F3AE30171EFB4C00EE4581 /* Category.h */ = {isa = PBXFileReference; fileEncoding = 4; lastKnownFileType = sourcecode.c.h; path = Category.h; sourceTree = "<group>"; };
		C3F3AE31171EFB4C00EE4581 /* Category.m */ = {isa = PBXFileReference; fileEncoding = 4; lastKnownFileType = sourcecode.c.objc; path = Category.m; sourceTree = "<group>"; };
		C3F3AE33171EFFDE00EE4581 /* Constants.h */ = {isa = PBXFileReference; fileEncoding = 4; lastKnownFileType = sourcecode.c.h; path = Constants.h; sourceTree = "<group>"; };
		C3F3AE36171F010A00EE4581 /* AudioToolbox.framework */ = {isa = PBXFileReference; lastKnownFileType = wrapper.framework; name = AudioToolbox.framework; path = System/Library/Frameworks/AudioToolbox.framework; sourceTree = SDKROOT; };
		C3F3AE38171F011000EE4581 /* AVFoundation.framework */ = {isa = PBXFileReference; lastKnownFileType = wrapper.framework; name = AVFoundation.framework; path = System/Library/Frameworks/AVFoundation.framework; sourceTree = SDKROOT; };
		C3F9F25B171CB0100041CA5D /* TGPlanCreatorViewController.h */ = {isa = PBXFileReference; fileEncoding = 4; lastKnownFileType = sourcecode.c.h; path = TGPlanCreatorViewController.h; sourceTree = "<group>"; };
		C3F9F25C171CB0100041CA5D /* TGPlanCreatorViewController.m */ = {isa = PBXFileReference; fileEncoding = 4; lastKnownFileType = sourcecode.c.objc; path = TGPlanCreatorViewController.m; sourceTree = "<group>"; };
		C3F9F266171CB7320041CA5D /* TGPlanBoardViewController.h */ = {isa = PBXFileReference; fileEncoding = 4; lastKnownFileType = sourcecode.c.h; path = TGPlanBoardViewController.h; sourceTree = "<group>"; };
		C3F9F267171CB7320041CA5D /* TGPlanBoardViewController.m */ = {isa = PBXFileReference; fileEncoding = 4; lastKnownFileType = sourcecode.c.objc; path = TGPlanBoardViewController.m; sourceTree = "<group>"; };
		C3F9F26A171CBCE40041CA5D /* DraggableLocation.h */ = {isa = PBXFileReference; fileEncoding = 4; lastKnownFileType = sourcecode.c.h; path = DraggableLocation.h; sourceTree = "<group>"; };
		C3F9F26B171CBCE40041CA5D /* DraggableLocation.m */ = {isa = PBXFileReference; fileEncoding = 4; lastKnownFileType = sourcecode.c.objc; path = DraggableLocation.m; sourceTree = "<group>"; };
		C3F9F26C171CBCE40041CA5D /* DraggableView.h */ = {isa = PBXFileReference; fileEncoding = 4; lastKnownFileType = sourcecode.c.h; path = DraggableView.h; sourceTree = "<group>"; };
		C3F9F26D171CBCE40041CA5D /* DraggableView.m */ = {isa = PBXFileReference; fileEncoding = 4; lastKnownFileType = sourcecode.c.objc; path = DraggableView.m; sourceTree = "<group>"; };
		C3F9F26E171CBCE40041CA5D /* NSObject+PerformBlock.h */ = {isa = PBXFileReference; fileEncoding = 4; lastKnownFileType = sourcecode.c.h; path = "NSObject+PerformBlock.h"; sourceTree = "<group>"; };
		C3F9F26F171CBCE40041CA5D /* NSObject+PerformBlock.m */ = {isa = PBXFileReference; fileEncoding = 4; lastKnownFileType = sourcecode.c.objc; path = "NSObject+PerformBlock.m"; sourceTree = "<group>"; };
		C3F9F273171CE4E40041CA5D /* TGSymbolPickerViewController.h */ = {isa = PBXFileReference; fileEncoding = 4; lastKnownFileType = sourcecode.c.h; path = TGSymbolPickerViewController.h; sourceTree = "<group>"; };
		C3F9F274171CE4E40041CA5D /* TGSymbolPickerViewController.m */ = {isa = PBXFileReference; fileEncoding = 4; lastKnownFileType = sourcecode.c.objc; path = TGSymbolPickerViewController.m; sourceTree = "<group>"; };
		C3F9F276171CF2BC0041CA5D /* TGSymbolPickerCell.h */ = {isa = PBXFileReference; fileEncoding = 4; lastKnownFileType = sourcecode.c.h; path = TGSymbolPickerCell.h; sourceTree = "<group>"; };
		C3F9F277171CF2BC0041CA5D /* TGSymbolPickerCell.m */ = {isa = PBXFileReference; fileEncoding = 4; lastKnownFileType = sourcecode.c.objc; path = TGSymbolPickerCell.m; sourceTree = "<group>"; };
		C3FB31B01716538E00E5C47D /* TGSymbolController.h */ = {isa = PBXFileReference; fileEncoding = 4; lastKnownFileType = sourcecode.c.h; path = TGSymbolController.h; sourceTree = "<group>"; };
		C3FB31B11716538E00E5C47D /* TGSymbolController.m */ = {isa = PBXFileReference; fileEncoding = 4; lastKnownFileType = sourcecode.c.objc; path = TGSymbolController.m; sourceTree = "<group>"; };
/* End PBXFileReference section */

/* Begin PBXFrameworksBuildPhase section */
		C333DF9A17139BFF00AD7E1A /* Frameworks */ = {
			isa = PBXFrameworksBuildPhase;
			buildActionMask = 2147483647;
			files = (
				C316D595174033CB00A62F82 /* MessageUI.framework in Frameworks */,
				C3401B03173DBC610061A703 /* AssetsLibrary.framework in Frameworks */,
				C3AC419C1720B75100F6C3A2 /* SystemConfiguration.framework in Frameworks */,
				C3F3AE39171F011000EE4581 /* AVFoundation.framework in Frameworks */,
				C3F3AE37171F010A00EE4581 /* AudioToolbox.framework in Frameworks */,
				C3D62B321717995700EC22AD /* QuartzCore.framework in Frameworks */,
				C3E109111715005A00E9CB07 /* CoreData.framework in Frameworks */,
				C333DFA117139C0000AD7E1A /* UIKit.framework in Frameworks */,
				C333DFA317139C0000AD7E1A /* Foundation.framework in Frameworks */,
				C333DFA517139C0000AD7E1A /* CoreGraphics.framework in Frameworks */,
			);
			runOnlyForDeploymentPostprocessing = 0;
		};
/* End PBXFrameworksBuildPhase section */

/* Begin PBXGroup section */
		C31AD5121719D0BE00F5652A /* Sync */ = {
			isa = PBXGroup;
			children = (
				C31AD50A1719C57A00F5652A /* TGSyncUserContentController.h */,
				C31AD50B1719C57A00F5652A /* TGSyncUserContentController.m */,
			);
			name = Sync;
			sourceTree = "<group>";
		};
		C31AD5131719D32200F5652A /* SVProgressHUD */ = {
			isa = PBXGroup;
			children = (
				C31AD50D1719CC6300F5652A /* SVProgressHUD.bundle */,
				C31AD50E1719CC6300F5652A /* SVProgressHUD.h */,
				C31AD50F1719CC6300F5652A /* SVProgressHUD.m */,
			);
			name = SVProgressHUD;
			sourceTree = "<group>";
		};
		C31AD5141719D32A00F5652A /* KGModal */ = {
			isa = PBXGroup;
			children = (
				C3D62B2E1717993F00EC22AD /* KGModal.h */,
				C3D62B2F1717993F00EC22AD /* KGModal.m */,
			);
			name = KGModal;
			sourceTree = "<group>";
		};
		C32B4A0A1718D20200D0189F /* Open Source */ = {
			isa = PBXGroup;
			children = (
				C3A02C34172C70A100F6944C /* MGTileMenu */,
				C3AC419A1720B70900F6C3A2 /* Reachability */,
				C31AD5131719D32200F5652A /* SVProgressHUD */,
				C31AD5141719D32A00F5652A /* KGModal */,
			);
			name = "Open Source";
			sourceTree = "<group>";
		};
		C333DF9417139BFF00AD7E1A = {
			isa = PBXGroup;
			children = (
				C333DFA617139C0000AD7E1A /* TagarelaV2 */,
				C333DF9F17139C0000AD7E1A /* Frameworks */,
				C333DFCD1713A33200AD7E1A /* Resources */,
				C333DF9E17139C0000AD7E1A /* Products */,
			);
			sourceTree = "<group>";
		};
		C333DF9E17139C0000AD7E1A /* Products */ = {
			isa = PBXGroup;
			children = (
				C333DF9D17139C0000AD7E1A /* Tagarela TESTE.app */,
			);
			name = Products;
			sourceTree = "<group>";
		};
		C333DF9F17139C0000AD7E1A /* Frameworks */ = {
			isa = PBXGroup;
			children = (
				C316D594174033CB00A62F82 /* MessageUI.framework */,
				C3401B02173DBC610061A703 /* AssetsLibrary.framework */,
				C3AC419B1720B75000F6C3A2 /* SystemConfiguration.framework */,
				C3F3AE38171F011000EE4581 /* AVFoundation.framework */,
				C3F3AE36171F010A00EE4581 /* AudioToolbox.framework */,
				C3D62B311717995700EC22AD /* QuartzCore.framework */,
				C3E109101715005A00E9CB07 /* CoreData.framework */,
				C333DFA017139C0000AD7E1A /* UIKit.framework */,
				C333DFA217139C0000AD7E1A /* Foundation.framework */,
				C333DFA417139C0000AD7E1A /* CoreGraphics.framework */,
			);
			name = Frameworks;
			sourceTree = "<group>";
		};
		C333DFA617139C0000AD7E1A /* TagarelaV2 */ = {
			isa = PBXGroup;
			children = (
				C3DE9F2217D4032D005777BC /* Patient */,
				C3DE9F2417D403B3005777BC /* Symbol Historic */,
				C3DE9F2317D4038A005777BC /* User Historic */,
				C3F9F269171CBCE40041CA5D /* DraggableViews */,
				C32B4A0A1718D20200D0189F /* Open Source */,
				C3C7E8F117162916004C3D44 /* Utils */,
				C3C7E8F317162933004C3D44 /* Data Model */,
				C3C7E8F217162922004C3D44 /* User */,
				C3C7E8F7171629F3004C3D44 /* Symbol */,
				C3FB31B3171655EB00E5C47D /* Category */,
				C31AD5121719D0BE00F5652A /* Sync */,
				C3A36958171DF8BD00A9F376 /* Plan */,
				C3AC419017207A3D00F6C3A2 /* Initial Screen */,
				C3552C0E174304F2002766D9 /* Custom Photo Picker */,
				C333DFAF17139C0000AD7E1A /* AppDelegate.h */,
				C333DFB017139C0000AD7E1A /* AppDelegate.m */,
				C3F3AE33171EFFDE00EE4581 /* Constants.h */,
				C32E79C217C576C6002EC835 /* TGSelectedTutor.h */,
				C32E79C317C576C6002EC835 /* TGSelectedTutor.m */,
				C34E274A17B4719B00705827 /* TGCurrentUserManager.h */,
				C34E274B17B4719B00705827 /* TGCurrentUserManager.m */,
				C333DFB817139C0000AD7E1A /* MainStoryboard.storyboard */,
				C3E109041714FD2100E9CB07 /* TGCoreDataModel.xcdatamodeld */,
				C3290C411744380200B43E72 /* Localizable.strings */,
				C333DFA717139C0000AD7E1A /* Supporting Files */,
			);
			path = TagarelaV2;
			sourceTree = "<group>";
		};
		C333DFA717139C0000AD7E1A /* Supporting Files */ = {
			isa = PBXGroup;
			children = (
				C333DFA817139C0000AD7E1A /* Tagarela TESTE-Info.plist */,
				C333DFA917139C0000AD7E1A /* InfoPlist.strings */,
				C333DFAC17139C0000AD7E1A /* main.m */,
				C333DFAE17139C0000AD7E1A /* Tagarela TESTE-Prefix.pch */,
				C333DFB217139C0000AD7E1A /* Default.png */,
				C333DFB417139C0000AD7E1A /* Default@2x.png */,
				C333DFB617139C0000AD7E1A /* Default-568h@2x.png */,
			);
			name = "Supporting Files";
			sourceTree = "<group>";
		};
		C333DFCD1713A33200AD7E1A /* Resources */ = {
			isa = PBXGroup;
			children = (
				C3A02C37172C70A100F6944C /* CloseButton.png */,
				C3A02C39172C70A100F6944C /* CloseButton@2x.png */,
				C3A02C7F172C78B500F6944C /* verSimbolosButtonImg.png */,
				C3A02C7D172C788A00F6944C /* criarSimboloButtonImg.png */,
				C3A02C7B172C782F00F6944C /* criarPlanoButtonImg.png */,
				C3D8F1E617298B5F00351CD0 /* 1x1.png */,
				C3D8F1E717298B5F00351CD0 /* 1x2.png */,
				C3D8F1E817298B5F00351CD0 /* 1x3.png */,
				C3D8F1E917298B5F00351CD0 /* 2x1.png */,
				C3D8F1EA17298B5F00351CD0 /* 2x2.png */,
				C3D8F1EB17298B5F00351CD0 /* 2x3.png */,
				C3D8F1EC17298B5F00351CD0 /* 3x1.png */,
				C3D8F1ED17298B5F00351CD0 /* 3x2.png */,
				C3D8F1EE17298B5F00351CD0 /* 3x3.png */,
				C3D8F1E217295E6700351CD0 /* logo-tagarela.png */,
				5E8DD88E1753945E0036AB94 /* logo-tagarela_TESTE.png */,
				C3D8F1E417295EA200351CD0 /* logo-tagarela@2x.png */,
				5E8DD890175394870036AB94 /* logo-tagarela@2x_TESTE.png */,
				C3A3695A171DFE7300A9F376 /* ipad-menubar-right@2x.png */,
				C3A3695D171E1EC400A9F376 /* ipad-menubar-button.png */,
				C3A36959171DFE7300A9F376 /* ipad-BG-pattern.png */,
				C3E109121715088C00E9CB07 /* add-imagem-gray.png */,
				C333DFCE1713A34000AD7E1A /* patientPicked.png */,
				C333DFCF1713A34000AD7E1A /* specialistPicked.png */,
				C333DFD01713A34000AD7E1A /* tutorPicked.png */,
			);
			name = Resources;
			sourceTree = "<group>";
		};
		C3552C0E174304F2002766D9 /* Custom Photo Picker */ = {
			isa = PBXGroup;
			children = (
				C316D599174046E200A62F82 /* TGAlbunsListViewController.h */,
				C316D59A174046E200A62F82 /* TGAlbunsListViewController.m */,
				C316D5A81740669E00A62F82 /* TGAlbumContentsViewController.h */,
				C316D5A91740669E00A62F82 /* TGAlbumContentsViewController.m */,
				C316D5AB174078E200A62F82 /* TGAlbumPhotoCell.h */,
				C316D5AC174078E200A62F82 /* TGAlbumPhotoCell.m */,
				C32612A11741A9AB00206047 /* TGAssetsManager.h */,
				C32612A21741A9AB00206047 /* TGAssetsManager.m */,
			);
			name = "Custom Photo Picker";
			sourceTree = "<group>";
		};
		C3A02C34172C70A100F6944C /* MGTileMenu */ = {
			isa = PBXGroup;
			children = (
				C3A02C4A172C70A100F6944C /* MGTileMenuController.h */,
				C3A02C4B172C70A100F6944C /* MGTileMenuController.m */,
				C3A02C4C172C70A100F6944C /* MGTileMenuDelegate.h */,
				C3A02C4D172C70A100F6944C /* MGTileMenuView.h */,
				C3A02C4E172C70A100F6944C /* MGTileMenuView.m */,
			);
			path = MGTileMenu;
			sourceTree = "<group>";
		};
		C3A36958171DF8BD00A9F376 /* Plan */ = {
			isa = PBXGroup;
			children = (
				C37288331720235900609240 /* TGBoardInteractorViewController.h */,
				C37288341720235900609240 /* TGBoardInteractorViewController.m */,
				C3F9F25B171CB0100041CA5D /* TGPlanCreatorViewController.h */,
				C3F9F25C171CB0100041CA5D /* TGPlanCreatorViewController.m */,
				C3F9F266171CB7320041CA5D /* TGPlanBoardViewController.h */,
				C3F9F267171CB7320041CA5D /* TGPlanBoardViewController.m */,
				C3F9F273171CE4E40041CA5D /* TGSymbolPickerViewController.h */,
				C3F9F274171CE4E40041CA5D /* TGSymbolPickerViewController.m */,
				C3F9F276171CF2BC0041CA5D /* TGSymbolPickerCell.h */,
				C3F9F277171CF2BC0041CA5D /* TGSymbolPickerCell.m */,
				C3A36962171E2CC500A9F376 /* TGPlanController.h */,
				C3A36963171E2CC500A9F376 /* TGPlanController.m */,
				C326262A171F98BC00EBB1AE /* TGSelectedSymbolPlan.h */,
				C326262B171F98BC00EBB1AE /* TGSelectedSymbolPlan.m */,
			);
			name = Plan;
			sourceTree = "<group>";
		};
		C3AC419017207A3D00F6C3A2 /* Initial Screen */ = {
			isa = PBXGroup;
			children = (
				C333DFD41713A50900AD7E1A /* TGInitialViewController.h */,
				C333DFD51713A50900AD7E1A /* TGInitialViewController.m */,
				C3D12ADC171FFF8400EE5EA8 /* TGInitialListViewController.h */,
				C3D12ADD171FFF8400EE5EA8 /* TGInitialListViewController.m */,
			);
			name = "Initial Screen";
			sourceTree = "<group>";
		};
		C3AC419A1720B70900F6C3A2 /* Reachability */ = {
			isa = PBXGroup;
			children = (
				C3AC41971720B70400F6C3A2 /* Reachability.h */,
				C3AC41981720B70400F6C3A2 /* Reachability.m */,
			);
			name = Reachability;
			sourceTree = "<group>";
		};
		C3C7E8F117162916004C3D44 /* Utils */ = {
			isa = PBXGroup;
			children = (
				C3E1091717150A9400E9CB07 /* TGImagePickerViewController.h */,
				C3E1091817150A9400E9CB07 /* TGImagePickerViewController.m */,
				C3E10914171509F300E9CB07 /* UIImage+Resize.h */,
				C3E10915171509F300E9CB07 /* UIImage+Resize.m */,
				C3C7E8EB171610CC004C3D44 /* NSData+Base64.h */,
				C3C7E8EC171610CC004C3D44 /* NSData+Base64.m */,
				C3C7E8ED171610CC004C3D44 /* NSString+Base64.h */,
				C3C7E8EE171610CC004C3D44 /* NSString+Base64.m */,
			);
			name = Utils;
			sourceTree = "<group>";
		};
		C3C7E8F217162922004C3D44 /* User */ = {
			isa = PBXGroup;
			children = (
				C333DFD71713A54000AD7E1A /* TGUserPickerViewController.h */,
				C333DFD81713A54000AD7E1A /* TGUserPickerViewController.m */,
				C333DFDA1713ABE800AD7E1A /* TGUserCreatorViewController.h */,
				C333DFDB1713ABE800AD7E1A /* TGUserCreatorViewController.m */,
				C333DFDD1713B00700AD7E1A /* TGUserController.h */,
				C333DFDE1713B00700AD7E1A /* TGUserController.m */,
				C3D62B331717A65200EC22AD /* TGUserAuthenticatorViewController.h */,
				C3D62B341717A65300EC22AD /* TGUserAuthenticatorViewController.m */,
			);
			name = User;
			sourceTree = "<group>";
		};
		C3C7E8F317162933004C3D44 /* Data Model */ = {
			isa = PBXGroup;
			children = (
				C34E274617B4719B00705827 /* PatientSymbol.h */,
				C34E274717B4719B00705827 /* PatientSymbol.m */,
				C34E274417B4719B00705827 /* ObservationHistoric.h */,
				C34E274517B4719B00705827 /* ObservationHistoric.m */,
				C34E274817B4719B00705827 /* SymbolHistoric.h */,
				C34E274917B4719B00705827 /* SymbolHistoric.m */,
				C34E276017B4719B00705827 /* TutorPatients.h */,
				C34E276117B4719B00705827 /* TutorPatients.m */,
				C3D8F1F817298D0E00351CD0 /* Plan.h */,
				C3D8F1F917298D0E00351CD0 /* Plan.m */,
				C3644FF01728A27D002B5689 /* Symbol.h */,
				C3644FF11728A27D002B5689 /* Symbol.m */,
				C3A5E8681724817400CFA2FB /* SymbolPlan.h */,
				C3A5E8691724817400CFA2FB /* SymbolPlan.m */,
				C3AC419D1720BFB900F6C3A2 /* User.h */,
				C3AC419E1720BFBA00F6C3A2 /* User.m */,
				C3F3AE30171EFB4C00EE4581 /* Category.h */,
				C3F3AE31171EFB4C00EE4581 /* Category.m */,
			);
			name = "Data Model";
			sourceTree = "<group>";
		};
		C3C7E8F7171629F3004C3D44 /* Symbol */ = {
			isa = PBXGroup;
			children = (
				C34E275817B4719B00705827 /* TGSymbolVideoViewController.h */,
				C34E275917B4719B00705827 /* TGSymbolVideoViewController.m */,
				C3262627171F92FC00EBB1AE /* TGSymbolPlanController.h */,
				C3262628171F92FD00EBB1AE /* TGSymbolPlanController.m */,
				C31AD5311719EC9500F5652A /* TGSymbolsListViewController.h */,
				C31AD5321719EC9600F5652A /* TGSymbolsListViewController.m */,
				C31AD5341719F12000F5652A /* TGSymbolsListCell.h */,
				C31AD5351719F12000F5652A /* TGSymbolsListCell.m */,
				C3C7E8F4171629D5004C3D44 /* TGSymbolCreatorViewController.h */,
				C3C7E8F5171629D5004C3D44 /* TGSymbolCreatorViewController.m */,
				C3FB31B01716538E00E5C47D /* TGSymbolController.h */,
				C3FB31B11716538E00E5C47D /* TGSymbolController.m */,
			);
			name = Symbol;
			sourceTree = "<group>";
		};
		C3DE9F2217D4032D005777BC /* Patient */ = {
			isa = PBXGroup;
			children = (
				C34E275017B4719B00705827 /* TGSelectedPatient.h */,
				C34E275117B4719B00705827 /* TGSelectedPatient.m */,
				C34E274C17B4719B00705827 /* TGPatientChooserViewController.h */,
				C34E274D17B4719B00705827 /* TGPatientChooserViewController.m */,
				C34E274E17B4719B00705827 /* TGPatientPickerViewController.h */,
				C34E274F17B4719B00705827 /* TGPatientPickerViewController.m */,
				C34E275A17B4719B00705827 /* TGTutorPatientsController.h */,
				C34E275B17B4719B00705827 /* TGTutorPatientsController.m */,
			);
			name = Patient;
			sourceTree = "<group>";
		};
		C3DE9F2317D4038A005777BC /* User Historic */ = {
			isa = PBXGroup;
			children = (
				C34E275C17B4719B00705827 /* TGUserHistoricController.h */,
				C34E275D17B4719B00705827 /* TGUserHistoricController.m */,
				C34E275E17B4719B00705827 /* TGUserHistoricViewController.h */,
				C34E275F17B4719B00705827 /* TGUserHistoricViewController.m */,
			);
			name = "User Historic";
			sourceTree = "<group>";
		};
		C3DE9F2417D403B3005777BC /* Symbol Historic */ = {
			isa = PBXGroup;
			children = (
				C34E275217B4719B00705827 /* TGSymbolHistoricCell.h */,
				C34E275317B4719B00705827 /* TGSymbolHistoricCell.m */,
				C34E275417B4719B00705827 /* TGSymbolHistoricController.h */,
				C34E275517B4719B00705827 /* TGSymbolHistoricController.m */,
				C34E275617B4719B00705827 /* TGSymbolHistoricViewController.h */,
				C34E275717B4719B00705827 /* TGSymbolHistoricViewController.m */,
			);
			name = "Symbol Historic";
			sourceTree = "<group>";
		};
		C3F9F269171CBCE40041CA5D /* DraggableViews */ = {
			isa = PBXGroup;
			children = (
				C3F9F26A171CBCE40041CA5D /* DraggableLocation.h */,
				C3F9F26B171CBCE40041CA5D /* DraggableLocation.m */,
				C3F9F26C171CBCE40041CA5D /* DraggableView.h */,
				C3F9F26D171CBCE40041CA5D /* DraggableView.m */,
				C3F9F26E171CBCE40041CA5D /* NSObject+PerformBlock.h */,
				C3F9F26F171CBCE40041CA5D /* NSObject+PerformBlock.m */,
			);
			path = DraggableViews;
			sourceTree = "<group>";
		};
		C3FB31B3171655EB00E5C47D /* Category */ = {
			isa = PBXGroup;
			children = (
				C3C7E8FB17162CDD004C3D44 /* TGCategoriesListViewController.h */,
				C3C7E8FC17162CDD004C3D44 /* TGCategoriesListViewController.m */,
				C3C7E90117162F9E004C3D44 /* TGCategoryController.h */,
				C3C7E90217162F9E004C3D44 /* TGCategoryController.m */,
			);
			name = Category;
			sourceTree = "<group>";
		};
/* End PBXGroup section */

/* Begin PBXNativeTarget section */
		C333DF9C17139BFF00AD7E1A /* Tagarela TESTE */ = {
			isa = PBXNativeTarget;
			buildConfigurationList = C333DFC017139C0000AD7E1A /* Build configuration list for PBXNativeTarget "Tagarela TESTE" */;
			buildPhases = (
				C333DF9917139BFF00AD7E1A /* Sources */,
				C333DF9A17139BFF00AD7E1A /* Frameworks */,
				C333DF9B17139BFF00AD7E1A /* Resources */,
			);
			buildRules = (
			);
			dependencies = (
			);
			name = "Tagarela TESTE";
			productName = TagarelaV2;
			productReference = C333DF9D17139C0000AD7E1A /* Tagarela TESTE.app */;
			productType = "com.apple.product-type.application";
		};
/* End PBXNativeTarget section */

/* Begin PBXProject section */
		C333DF9517139BFF00AD7E1A /* Project object */ = {
			isa = PBXProject;
			attributes = {
				LastUpgradeCheck = 0460;
				ORGANIZATIONNAME = "Alan Filipe Cardozo Fabeni";
			};
			buildConfigurationList = C333DF9817139BFF00AD7E1A /* Build configuration list for PBXProject "Tagarela TESTE" */;
			compatibilityVersion = "Xcode 3.2";
			developmentRegion = English;
			hasScannedForEncodings = 0;
			knownRegions = (
				en,
			);
			mainGroup = C333DF9417139BFF00AD7E1A;
			productRefGroup = C333DF9E17139C0000AD7E1A /* Products */;
			projectDirPath = "";
			projectRoot = "";
			targets = (
				C333DF9C17139BFF00AD7E1A /* Tagarela TESTE */,
			);
		};
/* End PBXProject section */

/* Begin PBXResourcesBuildPhase section */
		C333DF9B17139BFF00AD7E1A /* Resources */ = {
			isa = PBXResourcesBuildPhase;
			buildActionMask = 2147483647;
			files = (
				C333DFAB17139C0000AD7E1A /* InfoPlist.strings in Resources */,
				C333DFB317139C0000AD7E1A /* Default.png in Resources */,
				C333DFB517139C0000AD7E1A /* Default@2x.png in Resources */,
				C333DFB717139C0000AD7E1A /* Default-568h@2x.png in Resources */,
				C333DFBA17139C0000AD7E1A /* MainStoryboard.storyboard in Resources */,
				C333DFD11713A34000AD7E1A /* patientPicked.png in Resources */,
				C333DFD21713A34000AD7E1A /* specialistPicked.png in Resources */,
				C333DFD31713A34000AD7E1A /* tutorPicked.png in Resources */,
				C3E109131715088C00E9CB07 /* add-imagem-gray.png in Resources */,
				C31AD5101719CC6300F5652A /* SVProgressHUD.bundle in Resources */,
				C3A3695B171DFE7300A9F376 /* ipad-BG-pattern.png in Resources */,
				C3A3695C171DFE7300A9F376 /* ipad-menubar-right@2x.png in Resources */,
				C3A3695E171E1EC400A9F376 /* ipad-menubar-button.png in Resources */,
				C3D8F1E317295E6700351CD0 /* logo-tagarela.png in Resources */,
				C3D8F1E517295EA200351CD0 /* logo-tagarela@2x.png in Resources */,
				C3D8F1EF17298B5F00351CD0 /* 1x1.png in Resources */,
				C3D8F1F017298B5F00351CD0 /* 1x2.png in Resources */,
				C3D8F1F117298B5F00351CD0 /* 1x3.png in Resources */,
				C3D8F1F217298B5F00351CD0 /* 2x1.png in Resources */,
				C3D8F1F317298B5F00351CD0 /* 2x2.png in Resources */,
				C3D8F1F417298B5F00351CD0 /* 2x3.png in Resources */,
				C3D8F1F517298B5F00351CD0 /* 3x1.png in Resources */,
				C3D8F1F617298B5F00351CD0 /* 3x2.png in Resources */,
				C3D8F1F717298B5F00351CD0 /* 3x3.png in Resources */,
				C3A02C5E172C70A100F6944C /* CloseButton.png in Resources */,
				C3A02C60172C70A100F6944C /* CloseButton@2x.png in Resources */,
				C3A02C7C172C782F00F6944C /* criarPlanoButtonImg.png in Resources */,
				C3A02C7E172C788A00F6944C /* criarSimboloButtonImg.png in Resources */,
				C3A02C80172C78B500F6944C /* verSimbolosButtonImg.png in Resources */,
				C3290C421744380200B43E72 /* Localizable.strings in Resources */,
				5E8DD88F1753945E0036AB94 /* logo-tagarela_TESTE.png in Resources */,
				5E8DD891175394870036AB94 /* logo-tagarela@2x_TESTE.png in Resources */,
			);
			runOnlyForDeploymentPostprocessing = 0;
		};
/* End PBXResourcesBuildPhase section */

/* Begin PBXSourcesBuildPhase section */
		C333DF9917139BFF00AD7E1A /* Sources */ = {
			isa = PBXSourcesBuildPhase;
			buildActionMask = 2147483647;
			files = (
				C333DFAD17139C0000AD7E1A /* main.m in Sources */,
				C333DFB117139C0000AD7E1A /* AppDelegate.m in Sources */,
				C333DFD61713A50900AD7E1A /* TGInitialViewController.m in Sources */,
				C333DFD91713A54000AD7E1A /* TGUserPickerViewController.m in Sources */,
				C333DFDC1713ABE800AD7E1A /* TGUserCreatorViewController.m in Sources */,
				C333DFDF1713B00700AD7E1A /* TGUserController.m in Sources */,
				C3E109061714FD2100E9CB07 /* TGCoreDataModel.xcdatamodeld in Sources */,
				C3E10916171509F300E9CB07 /* UIImage+Resize.m in Sources */,
				C3E1091917150A9400E9CB07 /* TGImagePickerViewController.m in Sources */,
				C3C7E8EF171610CC004C3D44 /* NSData+Base64.m in Sources */,
				C3C7E8F0171610CC004C3D44 /* NSString+Base64.m in Sources */,
				C3C7E8F6171629D5004C3D44 /* TGSymbolCreatorViewController.m in Sources */,
				C3C7E8FD17162CDD004C3D44 /* TGCategoriesListViewController.m in Sources */,
				C3C7E90317162F9E004C3D44 /* TGCategoryController.m in Sources */,
				C3FB31B21716538E00E5C47D /* TGSymbolController.m in Sources */,
				C3D62B301717993F00EC22AD /* KGModal.m in Sources */,
				C3D62B351717A65300EC22AD /* TGUserAuthenticatorViewController.m in Sources */,
				C31AD50C1719C57A00F5652A /* TGSyncUserContentController.m in Sources */,
				C31AD5111719CC6300F5652A /* SVProgressHUD.m in Sources */,
				C31AD5331719EC9600F5652A /* TGSymbolsListViewController.m in Sources */,
				C31AD5361719F12000F5652A /* TGSymbolsListCell.m in Sources */,
				C3F9F25D171CB0100041CA5D /* TGPlanCreatorViewController.m in Sources */,
				C3F9F268171CB7320041CA5D /* TGPlanBoardViewController.m in Sources */,
				C3F9F270171CBCE40041CA5D /* DraggableLocation.m in Sources */,
				C3F9F271171CBCE40041CA5D /* DraggableView.m in Sources */,
				C3F9F272171CBCE40041CA5D /* NSObject+PerformBlock.m in Sources */,
				C3F9F275171CE4E40041CA5D /* TGSymbolPickerViewController.m in Sources */,
				C3F9F278171CF2BD0041CA5D /* TGSymbolPickerCell.m in Sources */,
				C3A36964171E2CC500A9F376 /* TGPlanController.m in Sources */,
				C3F3AE32171EFB4C00EE4581 /* Category.m in Sources */,
				C3262629171F92FD00EBB1AE /* TGSymbolPlanController.m in Sources */,
				C326262C171F98BC00EBB1AE /* TGSelectedSymbolPlan.m in Sources */,
				C3D12ADE171FFF8400EE5EA8 /* TGInitialListViewController.m in Sources */,
				C37288351720235900609240 /* TGBoardInteractorViewController.m in Sources */,
				C3AC41991720B70400F6C3A2 /* Reachability.m in Sources */,
				C3AC419F1720BFBA00F6C3A2 /* User.m in Sources */,
				C3A5E86A1724817400CFA2FB /* SymbolPlan.m in Sources */,
				C3644FF21728A27D002B5689 /* Symbol.m in Sources */,
				C3D8F1FA17298D0E00351CD0 /* Plan.m in Sources */,
				C3A02C6E172C70A100F6944C /* MGTileMenuController.m in Sources */,
				C3A02C6F172C70A100F6944C /* MGTileMenuView.m in Sources */,
				C316D59B174046E200A62F82 /* TGAlbunsListViewController.m in Sources */,
				C316D5AA1740669E00A62F82 /* TGAlbumContentsViewController.m in Sources */,
				C316D5AD174078E200A62F82 /* TGAlbumPhotoCell.m in Sources */,
				C32612A31741A9AB00206047 /* TGAssetsManager.m in Sources */,
				C34E276317B4719B00705827 /* ObservationHistoric.m in Sources */,
				C34E276417B4719B00705827 /* PatientSymbol.m in Sources */,
				C34E276517B4719B00705827 /* SymbolHistoric.m in Sources */,
				C34E276617B4719B00705827 /* TGCurrentUserManager.m in Sources */,
				C34E276717B4719B00705827 /* TGPatientChooserViewController.m in Sources */,
				C34E276817B4719B00705827 /* TGPatientPickerViewController.m in Sources */,
				C34E276917B4719B00705827 /* TGSelectedPatient.m in Sources */,
				C34E276A17B4719B00705827 /* TGSymbolHistoricCell.m in Sources */,
				C34E276B17B4719B00705827 /* TGSymbolHistoricController.m in Sources */,
				C34E276C17B4719B00705827 /* TGSymbolHistoricViewController.m in Sources */,
				C34E276D17B4719B00705827 /* TGSymbolVideoViewController.m in Sources */,
				C34E276E17B4719B00705827 /* TGTutorPatientsController.m in Sources */,
				C34E276F17B4719B00705827 /* TGUserHistoricController.m in Sources */,
				C34E277017B4719B00705827 /* TGUserHistoricViewController.m in Sources */,
				C34E277117B4719B00705827 /* TutorPatients.m in Sources */,
				C32E79C417C576C6002EC835 /* TGSelectedTutor.m in Sources */,
			);
			runOnlyForDeploymentPostprocessing = 0;
		};
/* End PBXSourcesBuildPhase section */

/* Begin PBXVariantGroup section */
		C333DFA917139C0000AD7E1A /* InfoPlist.strings */ = {
			isa = PBXVariantGroup;
			children = (
				C333DFAA17139C0000AD7E1A /* en */,
			);
			name = InfoPlist.strings;
			sourceTree = "<group>";
		};
		C333DFB817139C0000AD7E1A /* MainStoryboard.storyboard */ = {
			isa = PBXVariantGroup;
			children = (
				C333DFB917139C0000AD7E1A /* en */,
			);
			name = MainStoryboard.storyboard;
			sourceTree = "<group>";
		};
/* End PBXVariantGroup section */

/* Begin XCBuildConfiguration section */
		C333DFBE17139C0000AD7E1A /* Debug */ = {
			isa = XCBuildConfiguration;
			buildSettings = {
				ALWAYS_SEARCH_USER_PATHS = NO;
				CLANG_CXX_LANGUAGE_STANDARD = "gnu++0x";
				CLANG_CXX_LIBRARY = "libc++";
				CLANG_ENABLE_OBJC_ARC = YES;
				CLANG_WARN_CONSTANT_CONVERSION = YES;
				CLANG_WARN_EMPTY_BODY = YES;
				CLANG_WARN_ENUM_CONVERSION = YES;
				CLANG_WARN_INT_CONVERSION = YES;
				CLANG_WARN__DUPLICATE_METHOD_MATCH = YES;
				"CODE_SIGN_IDENTITY[sdk=iphoneos*]" = "iPhone Developer";
				COPY_PHASE_STRIP = NO;
				GCC_C_LANGUAGE_STANDARD = gnu99;
				GCC_DYNAMIC_NO_PIC = NO;
				GCC_OPTIMIZATION_LEVEL = 0;
				GCC_PREPROCESSOR_DEFINITIONS = (
					"DEBUG=1",
					"$(inherited)",
				);
				GCC_SYMBOLS_PRIVATE_EXTERN = NO;
				GCC_WARN_ABOUT_RETURN_TYPE = YES;
				GCC_WARN_UNINITIALIZED_AUTOS = YES;
				GCC_WARN_UNUSED_VARIABLE = YES;
				IPHONEOS_DEPLOYMENT_TARGET = 6.1;
				ONLY_ACTIVE_ARCH = YES;
				SDKROOT = iphoneos;
				TARGETED_DEVICE_FAMILY = 2;
			};
			name = Debug;
		};
		C333DFBF17139C0000AD7E1A /* Release */ = {
			isa = XCBuildConfiguration;
			buildSettings = {
				ALWAYS_SEARCH_USER_PATHS = NO;
				CLANG_CXX_LANGUAGE_STANDARD = "gnu++0x";
				CLANG_CXX_LIBRARY = "libc++";
				CLANG_ENABLE_OBJC_ARC = YES;
				CLANG_WARN_CONSTANT_CONVERSION = YES;
				CLANG_WARN_EMPTY_BODY = YES;
				CLANG_WARN_ENUM_CONVERSION = YES;
				CLANG_WARN_INT_CONVERSION = YES;
				CLANG_WARN__DUPLICATE_METHOD_MATCH = YES;
				"CODE_SIGN_IDENTITY[sdk=iphoneos*]" = "iPhone Developer";
				COPY_PHASE_STRIP = YES;
				GCC_C_LANGUAGE_STANDARD = gnu99;
				GCC_WARN_ABOUT_RETURN_TYPE = YES;
				GCC_WARN_UNINITIALIZED_AUTOS = YES;
				GCC_WARN_UNUSED_VARIABLE = YES;
				IPHONEOS_DEPLOYMENT_TARGET = 6.1;
				OTHER_CFLAGS = "-DNS_BLOCK_ASSERTIONS=1";
				SDKROOT = iphoneos;
				TARGETED_DEVICE_FAMILY = 2;
				VALIDATE_PRODUCT = YES;
			};
			name = Release;
		};
		C333DFC117139C0000AD7E1A /* Debug */ = {
			isa = XCBuildConfiguration;
			buildSettings = {
				GCC_PRECOMPILE_PREFIX_HEADER = YES;
				GCC_PREFIX_HEADER = "TagarelaV2/Tagarela TESTE-Prefix.pch";
				GCC_PREPROCESSOR_DEFINITIONS = (
					"DEBUG=1",
					"$(inherited)",
					TAGARELA_TESTE,
				);
				INFOPLIST_FILE = "TagarelaV2/Tagarela TESTE-Info.plist";
				PRODUCT_NAME = "Tagarela TESTE";
				WRAPPER_EXTENSION = app;
			};
			name = Debug;
		};
		C333DFC217139C0000AD7E1A /* Release */ = {
			isa = XCBuildConfiguration;
			buildSettings = {
				GCC_PRECOMPILE_PREFIX_HEADER = YES;
				GCC_PREFIX_HEADER = "TagarelaV2/Tagarela TESTE-Prefix.pch";
				GCC_PREPROCESSOR_DEFINITIONS = TAGARELA_TESTE;
				INFOPLIST_FILE = "TagarelaV2/Tagarela TESTE-Info.plist";
				PRODUCT_NAME = "Tagarela TESTE";
				WRAPPER_EXTENSION = app;
			};
			name = Release;
		};
/* End XCBuildConfiguration section */

/* Begin XCConfigurationList section */
		C333DF9817139BFF00AD7E1A /* Build configuration list for PBXProject "Tagarela TESTE" */ = {
			isa = XCConfigurationList;
			buildConfigurations = (
				C333DFBE17139C0000AD7E1A /* Debug */,
				C333DFBF17139C0000AD7E1A /* Release */,
			);
			defaultConfigurationIsVisible = 0;
			defaultConfigurationName = Release;
		};
		C333DFC017139C0000AD7E1A /* Build configuration list for PBXNativeTarget "Tagarela TESTE" */ = {
			isa = XCConfigurationList;
			buildConfigurations = (
				C333DFC117139C0000AD7E1A /* Debug */,
				C333DFC217139C0000AD7E1A /* Release */,
			);
			defaultConfigurationIsVisible = 0;
			defaultConfigurationName = Release;
		};
/* End XCConfigurationList section */

/* Begin XCVersionGroup section */
		C3E109041714FD2100E9CB07 /* TGCoreDataModel.xcdatamodeld */ = {
			isa = XCVersionGroup;
			children = (
				C3E109051714FD2100E9CB07 /* TGCoreDataModel.xcdatamodel */,
			);
			currentVersion = C3E109051714FD2100E9CB07 /* TGCoreDataModel.xcdatamodel */;
			path = TGCoreDataModel.xcdatamodeld;
			sourceTree = "<group>";
			versionGroupType = wrapper.xcdatamodel;
		};
/* End XCVersionGroup section */
	};
	rootObject = C333DF9517139BFF00AD7E1A /* Project object */;
}
